
Microsoft Visual Studio Solution File, Format Version 12.00
# Visual Studio Version 17
VisualStudioVersion = 17.5.33424.131
MinimumVisualStudioVersion = 10.0.40219.1
Project("{FAE04EC0-301F-11D3-BF4B-00C04F79EFBC}") = "TextQR", "TextQR.csproj", "{C3B68825-44F1-435F-A346-633602E711C2}"
EndProject
Global
	GlobalSection(SolutionConfigurationPlatforms) = preSolution
		Debug|Any CPU = Debug|Any CPU
		Release|Any CPU = Release|Any CPU
	EndGlobalSection
	GlobalSection(ProjectConfigurationPlatforms) = postSolution
		{C3B68825-44F1-435F-A346-633602E711C2}.Debug|Any CPU.ActiveCfg = Debug|Any CPU
		{C3B68825-44F1-435F-A346-633602E711C2}.Debug|Any CPU.Build.0 = Debug|Any CPU
		{C3B68825-44F1-435F-A346-633602E711C2}.Release|Any CPU.ActiveCfg = Release|Any CPU
		{C3B68825-44F1-435F-A346-633602E711C2}.Release|Any CPU.Build.0 = Release|Any CPU
	EndGlobalSection
	GlobalSection(SolutionProperties) = preSolution
		HideSolutionNode = FALSE
	EndGlobalSection
	GlobalSection(ExtensibilityGlobals) = postSolution
		SolutionGuid = {0BD1D09A-BA3A-4E77-B2B4-20BFC2940CB7}
	EndGlobalSection
EndGlobal
